// !$*UTF8*$!
{
	archiveVersion = 1;
	classes = {
	};
	objectVersion = 46;
	objects = {

/* Begin PBXBuildFile section */
		049961FD1D7D8D3F0042DEF0 /* main.m in Sources */ = {isa = PBXBuildFile; fileRef = 049961FC1D7D8D3F0042DEF0 /* main.m */; };
		049962001D7D8D3F0042DEF0 /* AppDelegate.m in Sources */ = {isa = PBXBuildFile; fileRef = 049961FF1D7D8D3F0042DEF0 /* AppDelegate.m */; };
		049962031D7D8D3F0042DEF0 /* ViewController.m in Sources */ = {isa = PBXBuildFile; fileRef = 049962021D7D8D3F0042DEF0 /* ViewController.m */; };
		049962061D7D8D3F0042DEF0 /* Main.storyboard in Resources */ = {isa = PBXBuildFile; fileRef = 049962041D7D8D3F0042DEF0 /* Main.storyboard */; };
		049962081D7D8D3F0042DEF0 /* Assets.xcassets in Resources */ = {isa = PBXBuildFile; fileRef = 049962071D7D8D3F0042DEF0 /* Assets.xcassets */; };
		0499620B1D7D8D3F0042DEF0 /* LaunchScreen.storyboard in Resources */ = {isa = PBXBuildFile; fileRef = 049962091D7D8D3F0042DEF0 /* LaunchScreen.storyboard */; };
		049962161D7D8D3F0042DEF0 /* _______Tests.m in Sources */ = {isa = PBXBuildFile; fileRef = 049962151D7D8D3F0042DEF0 /* _______Tests.m */; };
		049962211D7D8D3F0042DEF0 /* _______UITests.m in Sources */ = {isa = PBXBuildFile; fileRef = 049962201D7D8D3F0042DEF0 /* _______UITests.m */; };
		049962301D7D93540042DEF0 /* FJCircleLayer.m in Sources */ = {isa = PBXBuildFile; fileRef = 0499622F1D7D93540042DEF0 /* FJCircleLayer.m */; };
		049962331D7DA94A0042DEF0 /* FJCircleView.m in Sources */ = {isa = PBXBuildFile; fileRef = 049962321D7DA94A0042DEF0 /* FJCircleView.m */; };
/* End PBXBuildFile section */

/* Begin PBXContainerItemProxy section */
		049962121D7D8D3F0042DEF0 /* PBXContainerItemProxy */ = {
			isa = PBXContainerItemProxy;
			containerPortal = 049961F01D7D8D3F0042DEF0 /* Project object */;
			proxyType = 1;
			remoteGlobalIDString = 049961F71D7D8D3F0042DEF0;
			remoteInfo = "萌萌哒的小红球";
		};
		0499621D1D7D8D3F0042DEF0 /* PBXContainerItemProxy */ = {
			isa = PBXContainerItemProxy;
			containerPortal = 049961F01D7D8D3F0042DEF0 /* Project object */;
			proxyType = 1;
			remoteGlobalIDString = 049961F71D7D8D3F0042DEF0;
			remoteInfo = "萌萌哒的小红球";
		};
/* End PBXContainerItemProxy section */

/* Begin PBXFileReference section */
		049961F81D7D8D3F0042DEF0 /* 萌萌哒的小红球.app */ = {isa = PBXFileReference; explicitFileType = wrapper.application; includeInIndex = 0; path = "萌萌哒的小红球.app"; sourceTree = BUILT_PRODUCTS_DIR; };
		049961FC1D7D8D3F0042DEF0 /* main.m */ = {isa = PBXFileReference; lastKnownFileType = sourcecode.c.objc; path = main.m; sourceTree = "<group>"; };
		049961FE1D7D8D3F0042DEF0 /* AppDelegate.h */ = {isa = PBXFileReference; lastKnownFileType = sourcecode.c.h; path = AppDelegate.h; sourceTree = "<group>"; };
		049961FF1D7D8D3F0042DEF0 /* AppDelegate.m */ = {isa = PBXFileReference; lastKnownFileType = sourcecode.c.objc; path = AppDelegate.m; sourceTree = "<group>"; };
		049962011D7D8D3F0042DEF0 /* ViewController.h */ = {isa = PBXFileReference; lastKnownFileType = sourcecode.c.h; path = ViewController.h; sourceTree = "<group>"; };
		049962021D7D8D3F0042DEF0 /* ViewController.m */ = {isa = PBXFileReference; lastKnownFileType = sourcecode.c.objc; path = ViewController.m; sourceTree = "<group>"; };
		049962051D7D8D3F0042DEF0 /* Base */ = {isa = PBXFileReference; lastKnownFileType = file.storyboard; name = Base; path = Base.lproj/Main.storyboard; sourceTree = "<group>"; };
		049962071D7D8D3F0042DEF0 /* Assets.xcassets */ = {isa = PBXFileReference; lastKnownFileType = folder.assetcatalog; path = Assets.xcassets; sourceTree = "<group>"; };
		0499620A1D7D8D3F0042DEF0 /* Base */ = {isa = PBXFileReference; lastKnownFileType = file.storyboard; name = Base; path = Base.lproj/LaunchScreen.storyboard; sourceTree = "<group>"; };
		0499620C1D7D8D3F0042DEF0 /* Info.plist */ = {isa = PBXFileReference; lastKnownFileType = text.plist.xml; path = Info.plist; sourceTree = "<group>"; };
		049962111D7D8D3F0042DEF0 /* 萌萌哒的小红球Tests.xctest */ = {isa = PBXFileReference; explicitFileType = wrapper.cfbundle; includeInIndex = 0; path = "萌萌哒的小红球Tests.xctest"; sourceTree = BUILT_PRODUCTS_DIR; };
		049962151D7D8D3F0042DEF0 /* _______Tests.m */ = {isa = PBXFileReference; lastKnownFileType = sourcecode.c.objc; path = "_______Tests.m"; sourceTree = "<group>"; };
		049962171D7D8D3F0042DEF0 /* Info.plist */ = {isa = PBXFileReference; lastKnownFileType = text.plist.xml; path = Info.plist; sourceTree = "<group>"; };
		0499621C1D7D8D3F0042DEF0 /* 萌萌哒的小红球UITests.xctest */ = {isa = PBXFileReference; explicitFileType = wrapper.cfbundle; includeInIndex = 0; path = "萌萌哒的小红球UITests.xctest"; sourceTree = BUILT_PRODUCTS_DIR; };
		049962201D7D8D3F0042DEF0 /* _______UITests.m */ = {isa = PBXFileReference; lastKnownFileType = sourcecode.c.objc; path = "_______UITests.m"; sourceTree = "<group>"; };
		049962221D7D8D3F0042DEF0 /* Info.plist */ = {isa = PBXFileReference; lastKnownFileType = text.plist.xml; path = Info.plist; sourceTree = "<group>"; };
		0499622E1D7D93540042DEF0 /* FJCircleLayer.h */ = {isa = PBXFileReference; fileEncoding = 4; lastKnownFileType = sourcecode.c.h; path = FJCircleLayer.h; sourceTree = "<group>"; };
		0499622F1D7D93540042DEF0 /* FJCircleLayer.m */ = {isa = PBXFileReference; fileEncoding = 4; lastKnownFileType = sourcecode.c.objc; path = FJCircleLayer.m; sourceTree = "<group>"; };
		049962311D7DA94A0042DEF0 /* FJCircleView.h */ = {isa = PBXFileReference; fileEncoding = 4; lastKnownFileType = sourcecode.c.h; path = FJCircleView.h; sourceTree = "<group>"; };
		049962321D7DA94A0042DEF0 /* FJCircleView.m */ = {isa = PBXFileReference; fileEncoding = 4; lastKnownFileType = sourcecode.c.objc; path = FJCircleView.m; sourceTree = "<group>"; };
/* End PBXFileReference section */

/* Begin PBXFrameworksBuildPhase section */
		049961F51D7D8D3F0042DEF0 /* Frameworks */ = {
			isa = PBXFrameworksBuildPhase;
			buildActionMask = 2147483647;
			files = (
			);
			runOnlyForDeploymentPostprocessing = 0;
		};
		0499620E1D7D8D3F0042DEF0 /* Frameworks */ = {
			isa = PBXFrameworksBuildPhase;
			buildActionMask = 2147483647;
			files = (
			);
			runOnlyForDeploymentPostprocessing = 0;
		};
		049962191D7D8D3F0042DEF0 /* Frameworks */ = {
			isa = PBXFrameworksBuildPhase;
			buildActionMask = 2147483647;
			files = (
			);
			runOnlyForDeploymentPostprocessing = 0;
		};
/* End PBXFrameworksBuildPhase section */

/* Begin PBXGroup section */
		049961EF1D7D8D3F0042DEF0 = {
			isa = PBXGroup;
			children = (
				049961FA1D7D8D3F0042DEF0 /* 萌萌哒的小红球 */,
				049962141D7D8D3F0042DEF0 /* 萌萌哒的小红球Tests */,
				0499621F1D7D8D3F0042DEF0 /* 萌萌哒的小红球UITests */,
				049961F91D7D8D3F0042DEF0 /* Products */,
			);
			sourceTree = "<group>";
		};
		049961F91D7D8D3F0042DEF0 /* Products */ = {
			isa = PBXGroup;
			children = (
				049961F81D7D8D3F0042DEF0 /* 萌萌哒的小红球.app */,
				049962111D7D8D3F0042DEF0 /* 萌萌哒的小红球Tests.xctest */,
				0499621C1D7D8D3F0042DEF0 /* 萌萌哒的小红球UITests.xctest */,
			);
			name = Products;
			sourceTree = "<group>";
		};
		049961FA1D7D8D3F0042DEF0 /* 萌萌哒的小红球 */ = {
			isa = PBXGroup;
			children = (
				049961FE1D7D8D3F0042DEF0 /* AppDelegate.h */,
				049961FF1D7D8D3F0042DEF0 /* AppDelegate.m */,
				049962011D7D8D3F0042DEF0 /* ViewController.h */,
				049962021D7D8D3F0042DEF0 /* ViewController.m */,
				049962041D7D8D3F0042DEF0 /* Main.storyboard */,
				049962071D7D8D3F0042DEF0 /* Assets.xcassets */,
				049962091D7D8D3F0042DEF0 /* LaunchScreen.storyboard */,
				0499620C1D7D8D3F0042DEF0 /* Info.plist */,
				049961FB1D7D8D3F0042DEF0 /* Supporting Files */,
				0499622E1D7D93540042DEF0 /* FJCircleLayer.h */,
				0499622F1D7D93540042DEF0 /* FJCircleLayer.m */,
				049962311D7DA94A0042DEF0 /* FJCircleView.h */,
				049962321D7DA94A0042DEF0 /* FJCircleView.m */,
			);
			path = "萌萌哒的小红球";
			sourceTree = "<group>";
		};
		049961FB1D7D8D3F0042DEF0 /* Supporting Files */ = {
			isa = PBXGroup;
			children = (
				049961FC1D7D8D3F0042DEF0 /* main.m */,
			);
			name = "Supporting Files";
			sourceTree = "<group>";
		};
		049962141D7D8D3F0042DEF0 /* 萌萌哒的小红球Tests */ = {
			isa = PBXGroup;
			children = (
				049962151D7D8D3F0042DEF0 /* _______Tests.m */,
				049962171D7D8D3F0042DEF0 /* Info.plist */,
			);
			path = "萌萌哒的小红球Tests";
			sourceTree = "<group>";
		};
		0499621F1D7D8D3F0042DEF0 /* 萌萌哒的小红球UITests */ = {
			isa = PBXGroup;
			children = (
				049962201D7D8D3F0042DEF0 /* _______UITests.m */,
				049962221D7D8D3F0042DEF0 /* Info.plist */,
			);
			path = "萌萌哒的小红球UITests";
			sourceTree = "<group>";
		};
/* End PBXGroup section */

/* Begin PBXNativeTarget section */
		049961F71D7D8D3F0042DEF0 /* 萌萌哒的小红球 */ = {
			isa = PBXNativeTarget;
			buildConfigurationList = 049962251D7D8D3F0042DEF0 /* Build configuration list for PBXNativeTarget "萌萌哒的小红球" */;
			buildPhases = (
				049961F41D7D8D3F0042DEF0 /* Sources */,
				049961F51D7D8D3F0042DEF0 /* Frameworks */,
				049961F61D7D8D3F0042DEF0 /* Resources */,
			);
			buildRules = (
			);
			dependencies = (
			);
			name = "萌萌哒的小红球";
			productName = "萌萌哒的小红球";
			productReference = 049961F81D7D8D3F0042DEF0 /* 萌萌哒的小红球.app */;
			productType = "com.apple.product-type.application";
		};
		049962101D7D8D3F0042DEF0 /* 萌萌哒的小红球Tests */ = {
			isa = PBXNativeTarget;
			buildConfigurationList = 049962281D7D8D3F0042DEF0 /* Build configuration list for PBXNativeTarget "萌萌哒的小红球Tests" */;
			buildPhases = (
				0499620D1D7D8D3F0042DEF0 /* Sources */,
				0499620E1D7D8D3F0042DEF0 /* Frameworks */,
				0499620F1D7D8D3F0042DEF0 /* Resources */,
			);
			buildRules = (
			);
			dependencies = (
				049962131D7D8D3F0042DEF0 /* PBXTargetDependency */,
			);
			name = "萌萌哒的小红球Tests";
			productName = "萌萌哒的小红球Tests";
			productReference = 049962111D7D8D3F0042DEF0 /* 萌萌哒的小红球Tests.xctest */;
			productType = "com.apple.product-type.bundle.unit-test";
		};
		0499621B1D7D8D3F0042DEF0 /* 萌萌哒的小红球UITests */ = {
			isa = PBXNativeTarget;
			buildConfigurationList = 0499622B1D7D8D3F0042DEF0 /* Build configuration list for PBXNativeTarget "萌萌哒的小红球UITests" */;
			buildPhases = (
				049962181D7D8D3F0042DEF0 /* Sources */,
				049962191D7D8D3F0042DEF0 /* Frameworks */,
				0499621A1D7D8D3F0042DEF0 /* Resources */,
			);
			buildRules = (
			);
			dependencies = (
				0499621E1D7D8D3F0042DEF0 /* PBXTargetDependency */,
			);
			name = "萌萌哒的小红球UITests";
			productName = "萌萌哒的小红球UITests";
			productReference = 0499621C1D7D8D3F0042DEF0 /* 萌萌哒的小红球UITests.xctest */;
			productType = "com.apple.product-type.bundle.ui-testing";
		};
/* End PBXNativeTarget section */

/* Begin PBXProject section */
		049961F01D7D8D3F0042DEF0 /* Project object */ = {
			isa = PBXProject;
			attributes = {
				LastUpgradeCheck = 0720;
				ORGANIZATIONNAME = haofujie;
				TargetAttributes = {
					049961F71D7D8D3F0042DEF0 = {
						CreatedOnToolsVersion = 7.2;
					};
					049962101D7D8D3F0042DEF0 = {
						CreatedOnToolsVersion = 7.2;
						TestTargetID = 049961F71D7D8D3F0042DEF0;
					};
					0499621B1D7D8D3F0042DEF0 = {
						CreatedOnToolsVersion = 7.2;
						TestTargetID = 049961F71D7D8D3F0042DEF0;
					};
				};
			};
			buildConfigurationList = 049961F31D7D8D3F0042DEF0 /* Build configuration list for PBXProject "萌萌哒的小红球" */;
			compatibilityVersion = "Xcode 3.2";
			developmentRegion = English;
			hasScannedForEncodings = 0;
			knownRegions = (
				en,
				Base,
			);
			mainGroup = 049961EF1D7D8D3F0042DEF0;
			productRefGroup = 049961F91D7D8D3F0042DEF0 /* Products */;
			projectDirPath = "";
			projectRoot = "";
			targets = (
				049961F71D7D8D3F0042DEF0 /* 萌萌哒的小红球 */,
				049962101D7D8D3F0042DEF0 /* 萌萌哒的小红球Tests */,
				0499621B1D7D8D3F0042DEF0 /* 萌萌哒的小红球UITests */,
			);
		};
/* End PBXProject section */

/* Begin PBXResourcesBuildPhase section */
		049961F61D7D8D3F0042DEF0 /* Resources */ = {
			isa = PBXResourcesBuildPhase;
			buildActionMask = 2147483647;
			files = (
				0499620B1D7D8D3F0042DEF0 /* LaunchScreen.storyboard in Resources */,
				049962081D7D8D3F0042DEF0 /* Assets.xcassets in Resources */,
				049962061D7D8D3F0042DEF0 /* Main.storyboard in Resources */,
			);
			runOnlyForDeploymentPostprocessing = 0;
		};
		0499620F1D7D8D3F0042DEF0 /* Resources */ = {
			isa = PBXResourcesBuildPhase;
			buildActionMask = 2147483647;
			files = (
			);
			runOnlyForDeploymentPostprocessing = 0;
		};
		0499621A1D7D8D3F0042DEF0 /* Resources */ = {
			isa = PBXResourcesBuildPhase;
			buildActionMask = 2147483647;
			files = (
			);
			runOnlyForDeploymentPostprocessing = 0;
		};
/* End PBXResourcesBuildPhase section */

/* Begin PBXSourcesBuildPhase section */
		049961F41D7D8D3F0042DEF0 /* Sources */ = {
			isa = PBXSourcesBuildPhase;
			buildActionMask = 2147483647;
			files = (
				049962331D7DA94A0042DEF0 /* FJCircleView.m in Sources */,
				049962031D7D8D3F0042DEF0 /* ViewController.m in Sources */,
				049962301D7D93540042DEF0 /* FJCircleLayer.m in Sources */,
				049962001D7D8D3F0042DEF0 /* AppDelegate.m in Sources */,
				049961FD1D7D8D3F0042DEF0 /* main.m in Sources */,
			);
			runOnlyForDeploymentPostprocessing = 0;
		};
		0499620D1D7D8D3F0042DEF0 /* Sources */ = {
			isa = PBXSourcesBuildPhase;
			buildActionMask = 2147483647;
			files = (
				049962161D7D8D3F0042DEF0 /* _______Tests.m in Sources */,
			);
			runOnlyForDeploymentPostprocessing = 0;
		};
		049962181D7D8D3F0042DEF0 /* Sources */ = {
			isa = PBXSourcesBuildPhase;
			buildActionMask = 2147483647;
			files = (
				049962211D7D8D3F0042DEF0 /* _______UITests.m in Sources */,
			);
			runOnlyForDeploymentPostprocessing = 0;
		};
/* End PBXSourcesBuildPhase section */

/* Begin PBXTargetDependency section */
		049962131D7D8D3F0042DEF0 /* PBXTargetDependency */ = {
			isa = PBXTargetDependency;
			target = 049961F71D7D8D3F0042DEF0 /* 萌萌哒的小红球 */;
			targetProxy = 049962121D7D8D3F0042DEF0 /* PBXContainerItemProxy */;
		};
		0499621E1D7D8D3F0042DEF0 /* PBXTargetDependency */ = {
			isa = PBXTargetDependency;
			target = 049961F71D7D8D3F0042DEF0 /* 萌萌哒的小红球 */;
			targetProxy = 0499621D1D7D8D3F0042DEF0 /* PBXContainerItemProxy */;
		};
/* End PBXTargetDependency section */

/* Begin PBXVariantGroup section */
		049962041D7D8D3F0042DEF0 /* Main.storyboard */ = {
			isa = PBXVariantGroup;
			children = (
				049962051D7D8D3F0042DEF0 /* Base */,
			);
			name = Main.storyboard;
			sourceTree = "<group>";
		};
		049962091D7D8D3F0042DEF0 /* LaunchScreen.storyboard */ = {
			isa = PBXVariantGroup;
			children = (
				0499620A1D7D8D3F0042DEF0 /* Base */,
			);
			name = LaunchScreen.storyboard;
			sourceTree = "<group>";
		};
/* End PBXVariantGroup section */

/* Begin XCBuildConfiguration section */
		049962231D7D8D3F0042DEF0 /* Debug */ = {
			isa = XCBuildConfiguration;
			buildSettings = {
				ALWAYS_SEARCH_USER_PATHS = NO;
				CLANG_CXX_LANGUAGE_STANDARD = "gnu++0x";
				CLANG_CXX_LIBRARY = "libc++";
				CLANG_ENABLE_MODULES = YES;
				CLANG_ENABLE_OBJC_ARC = YES;
				CLANG_WARN_BOOL_CONVERSION = YES;
				CLANG_WARN_CONSTANT_CONVERSION = YES;
				CLANG_WARN_DIRECT_OBJC_ISA_USAGE = YES_ERROR;
				CLANG_WARN_EMPTY_BODY = YES;
				CLANG_WARN_ENUM_CONVERSION = YES;
				CLANG_WARN_INT_CONVERSION = YES;
				CLANG_WARN_OBJC_ROOT_CLASS = YES_ERROR;
				CLANG_WARN_UNREACHABLE_CODE = YES;
				CLANG_WARN__DUPLICATE_METHOD_MATCH = YES;
				"CODE_SIGN_IDENTITY[sdk=iphoneos*]" = "iPhone Developer";
				COPY_PHASE_STRIP = NO;
				DEBUG_INFORMATION_FORMAT = dwarf;
				ENABLE_STRICT_OBJC_MSGSEND = YES;
				ENABLE_TESTABILITY = YES;
				GCC_C_LANGUAGE_STANDARD = gnu99;
				GCC_DYNAMIC_NO_PIC = NO;
				GCC_NO_COMMON_BLOCKS = YES;
				GCC_OPTIMIZATION_LEVEL = 0;
				GCC_PREPROCESSOR_DEFINITIONS = (
					"DEBUG=1",
					"$(inherited)",
				);
				GCC_WARN_64_TO_32_BIT_CONVERSION = YES;
				GCC_WARN_ABOUT_RETURN_TYPE = YES_ERROR;
				GCC_WARN_UNDECLARED_SELECTOR = YES;
				GCC_WARN_UNINITIALIZED_AUTOS = YES_AGGRESSIVE;
				GCC_WARN_UNUSED_FUNCTION = YES;
				GCC_WARN_UNUSED_VARIABLE = YES;
				IPHONEOS_DEPLOYMENT_TARGET = 9.2;
				MTL_ENABLE_DEBUG_INFO = YES;
				ONLY_ACTIVE_ARCH = YES;
				SDKROOT = iphoneos;
				TARGETED_DEVICE_FAMILY = "1,2";
			};
			name = Debug;
		};
		049962241D7D8D3F0042DEF0 /* Release */ = {
			isa = XCBuildConfiguration;
			buildSettings = {
				ALWAYS_SEARCH_USER_PATHS = NO;
				CLANG_CXX_LANGUAGE_STANDARD = "gnu++0x";
				CLANG_CXX_LIBRARY = "libc++";
				CLANG_ENABLE_MODULES = YES;
				CLANG_ENABLE_OBJC_ARC = YES;
				CLANG_WARN_BOOL_CONVERSION = YES;
				CLANG_WARN_CONSTANT_CONVERSION = YES;
				CLANG_WARN_DIRECT_OBJC_ISA_USAGE = YES_ERROR;
				CLANG_WARN_EMPTY_BODY = YES;
				CLANG_WARN_ENUM_CONVERSION = YES;
				CLANG_WARN_INT_CONVERSION = YES;
				CLANG_WARN_OBJC_ROOT_CLASS = YES_ERROR;
				CLANG_WARN_UNREACHABLE_CODE = YES;
				CLANG_WARN__DUPLICATE_METHOD_MATCH = YES;
				"CODE_SIGN_IDENTITY[sdk=iphoneos*]" = "iPhone Developer";
				COPY_PHASE_STRIP = NO;
				DEBUG_INFORMATION_FORMAT = "dwarf-with-dsym";
				ENABLE_NS_ASSERTIONS = NO;
				ENABLE_STRICT_OBJC_MSGSEND = YES;
				GCC_C_LANGUAGE_STANDARD = gnu99;
				GCC_NO_COMMON_BLOCKS = YES;
				GCC_WARN_64_TO_32_BIT_CONVERSION = YES;
				GCC_WARN_ABOUT_RETURN_TYPE = YES_ERROR;
				GCC_WARN_UNDECLARED_SELECTOR = YES;
				GCC_WARN_UNINITIALIZED_AUTOS = YES_AGGRESSIVE;
				GCC_WARN_UNUSED_FUNCTION = YES;
				GCC_WARN_UNUSED_VARIABLE = YES;
				IPHONEOS_DEPLOYMENT_TARGET = 9.2;
				MTL_ENABLE_DEBUG_INFO = NO;
				SDKROOT = iphoneos;
				TARGETED_DEVICE_FAMILY = "1,2";
				VALIDATE_PRODUCT = YES;
			};
			name = Release;
		};
		049962261D7D8D3F0042DEF0 /* Debug */ = {
			isa = XCBuildConfiguration;
			buildSettings = {
				ASSETCATALOG_COMPILER_APPICON_NAME = AppIcon;
				INFOPLIST_FILE = "萌萌哒的小红球/Info.plist";
				LD_RUNPATH_SEARCH_PATHS = "$(inherited) @executable_path/Frameworks";
				PRODUCT_BUNDLE_IDENTIFIER = "com.fujiehao.-------";
				PRODUCT_NAME = "$(TARGET_NAME)";
			};
			name = Debug;
		};
		049962271D7D8D3F0042DEF0 /* Release */ = {
			isa = XCBuildConfiguration;
			buildSettings = {
				ASSETCATALOG_COMPILER_APPICON_NAME = AppIcon;
				INFOPLIST_FILE = "萌萌哒的小红球/Info.plist";
				LD_RUNPATH_SEARCH_PATHS = "$(inherited) @executable_path/Frameworks";
				PRODUCT_BUNDLE_IDENTIFIER = "com.fujiehao.-------";
				PRODUCT_NAME = "$(TARGET_NAME)";
			};
			name = Release;
		};
		049962291D7D8D3F0042DEF0 /* Debug */ = {
			isa = XCBuildConfiguration;
			buildSettings = {
				BUNDLE_LOADER = "$(TEST_HOST)";
				INFOPLIST_FILE = "萌萌哒的小红球Tests/Info.plist";
				LD_RUNPATH_SEARCH_PATHS = "$(inherited) @executable_path/Frameworks @loader_path/Frameworks";
				PRODUCT_BUNDLE_IDENTIFIER = "com.fujiehao.-------Tests";
				PRODUCT_NAME = "$(TARGET_NAME)";
				TEST_HOST = "$(BUILT_PRODUCTS_DIR)/萌萌哒的小红球.app/萌萌哒的小红球";
			};
			name = Debug;
		};
		0499622A1D7D8D3F0042DEF0 /* Release */ = {
			isa = XCBuildConfiguration;
			buildSettings = {
				BUNDLE_LOADER = "$(TEST_HOST)";
				INFOPLIST_FILE = "萌萌哒的小红球Tests/Info.plist";
				LD_RUNPATH_SEARCH_PATHS = "$(inherited) @executable_path/Frameworks @loader_path/Frameworks";
				PRODUCT_BUNDLE_IDENTIFIER = "com.fujiehao.-------Tests";
				PRODUCT_NAME = "$(TARGET_NAME)";
				TEST_HOST = "$(BUILT_PRODUCTS_DIR)/萌萌哒的小红球.app/萌萌哒的小红球";
			};
			name = Release;
		};
		0499622C1D7D8D3F0042DEF0 /* Debug */ = {
			isa = XCBuildConfiguration;
			buildSettings = {
				INFOPLIST_FILE = "萌萌哒的小红球UITests/Info.plist";
				LD_RUNPATH_SEARCH_PATHS = "$(inherited) @executable_path/Frameworks @loader_path/Frameworks";
				PRODUCT_BUNDLE_IDENTIFIER = "com.fujiehao.-------UITests";
				PRODUCT_NAME = "$(TARGET_NAME)";
				TEST_TARGET_NAME = "萌萌哒的小红球";
				USES_XCTRUNNER = YES;
			};
			name = Debug;
		};
		0499622D1D7D8D3F0042DEF0 /* Release */ = {
			isa = XCBuildConfiguration;
			buildSettings = {
				INFOPLIST_FILE = "萌萌哒的小红球UITests/Info.plist";
				LD_RUNPATH_SEARCH_PATHS = "$(inherited) @executable_path/Frameworks @loader_path/Frameworks";
				PRODUCT_BUNDLE_IDENTIFIER = "com.fujiehao.-------UITests";
				PRODUCT_NAME = "$(TARGET_NAME)";
				TEST_TARGET_NAME = "萌萌哒的小红球";
				USES_XCTRUNNER = YES;
			};
			name = Release;
		};
/* End XCBuildConfiguration section */

/* Begin XCConfigurationList section */
		049961F31D7D8D3F0042DEF0 /* Build configuration list for PBXProject "萌萌哒的小红球" */ = {
			isa = XCConfigurationList;
			buildConfigurations = (
				049962231D7D8D3F0042DEF0 /* Debug */,
				049962241D7D8D3F0042DEF0 /* Release */,
			);
			defaultConfigurationIsVisible = 0;
			defaultConfigurationName = Release;
		};
		049962251D7D8D3F0042DEF0 /* Build configuration list for PBXNativeTarget "萌萌哒的小红球" */ = {
			isa = XCConfigurationList;
			buildConfigurations = (
				049962261D7D8D3F0042DEF0 /* Debug */,
				049962271D7D8D3F0042DEF0 /* Release */,
			);
			defaultConfigurationIsVisible = 0;
		};
		049962281D7D8D3F0042DEF0 /* Build configuration list for PBXNativeTarget "萌萌哒的小红球Tests" */ = {
			isa = XCConfigurationList;
			buildConfigurations = (
				049962291D7D8D3F0042DEF0 /* Debug */,
				0499622A1D7D8D3F0042DEF0 /* Release */,
			);
			defaultConfigurationIsVisible = 0;
		};
		0499622B1D7D8D3F0042DEF0 /* Build configuration list for PBXNativeTarget "萌萌哒的小红球UITests" */ = {
			isa = XCConfigurationList;
			buildConfigurations = (
				0499622C1D7D8D3F0042DEF0 /* Debug */,
				0499622D1D7D8D3F0042DEF0 /* Release */,
			);
			defaultConfigurationIsVisible = 0;
		};
/* End XCConfigurationList section */
	};
	rootObject = 049961F01D7D8D3F0042DEF0 /* Project object */;
}
